// !$*UTF8*$!
{
	archiveVersion = 1;
	classes = {
	};
	objectVersion = 46;
	objects = {

/* Begin PBXBuildFile section */
		8BF0F8491C4BBD600047862C /* AppDelegate.swift in Sources */ = {isa = PBXBuildFile; fileRef = 8BF0F8481C4BBD600047862C /* AppDelegate.swift */; };
		8BF0F84C1C4BBD600047862C /* My_Blogger.xcdatamodeld in Sources */ = {isa = PBXBuildFile; fileRef = 8BF0F84A1C4BBD600047862C /* My_Blogger.xcdatamodeld */; };
		8BF0F84E1C4BBD600047862C /* MasterViewController.swift in Sources */ = {isa = PBXBuildFile; fileRef = 8BF0F84D1C4BBD600047862C /* MasterViewController.swift */; };
		8BF0F8501C4BBD600047862C /* DetailViewController.swift in Sources */ = {isa = PBXBuildFile; fileRef = 8BF0F84F1C4BBD600047862C /* DetailViewController.swift */; };
		8BF0F8531C4BBD600047862C /* Main.storyboard in Resources */ = {isa = PBXBuildFile; fileRef = 8BF0F8511C4BBD600047862C /* Main.storyboard */; };
		8BF0F8551C4BBD600047862C /* Assets.xcassets in Resources */ = {isa = PBXBuildFile; fileRef = 8BF0F8541C4BBD600047862C /* Assets.xcassets */; };
		8BF0F8581C4BBD600047862C /* LaunchScreen.storyboard in Resources */ = {isa = PBXBuildFile; fileRef = 8BF0F8561C4BBD600047862C /* LaunchScreen.storyboard */; };
/* End PBXBuildFile section */

/* Begin PBXFileReference section */
		8BF0F8451C4BBD600047862C /* My Blogger.app */ = {isa = PBXFileReference; explicitFileType = wrapper.application; includeInIndex = 0; path = "My Blogger.app"; sourceTree = BUILT_PRODUCTS_DIR; };
		8BF0F8481C4BBD600047862C /* AppDelegate.swift */ = {isa = PBXFileReference; lastKnownFileType = sourcecode.swift; path = AppDelegate.swift; sourceTree = "<group>"; };
		8BF0F84B1C4BBD600047862C /* My_Blogger.xcdatamodel */ = {isa = PBXFileReference; lastKnownFileType = wrapper.xcdatamodel; path = My_Blogger.xcdatamodel; sourceTree = "<group>"; };
		8BF0F84D1C4BBD600047862C /* MasterViewController.swift */ = {isa = PBXFileReference; lastKnownFileType = sourcecode.swift; path = MasterViewController.swift; sourceTree = "<group>"; };
		8BF0F84F1C4BBD600047862C /* DetailViewController.swift */ = {isa = PBXFileReference; lastKnownFileType = sourcecode.swift; path = DetailViewController.swift; sourceTree = "<group>"; };
		8BF0F8521C4BBD600047862C /* Base */ = {isa = PBXFileReference; lastKnownFileType = file.storyboard; name = Base; path = Base.lproj/Main.storyboard; sourceTree = "<group>"; };
		8BF0F8541C4BBD600047862C /* Assets.xcassets */ = {isa = PBXFileReference; lastKnownFileType = folder.assetcatalog; path = Assets.xcassets; sourceTree = "<group>"; };
		8BF0F8571C4BBD600047862C /* Base */ = {isa = PBXFileReference; lastKnownFileType = file.storyboard; name = Base; path = Base.lproj/LaunchScreen.storyboard; sourceTree = "<group>"; };
		8BF0F8591C4BBD600047862C /* Info.plist */ = {isa = PBXFileReference; lastKnownFileType = text.plist.xml; path = Info.plist; sourceTree = "<group>"; };
/* End PBXFileReference section */

/* Begin PBXFrameworksBuildPhase section */
		8BF0F8421C4BBD600047862C /* Frameworks */ = {
			isa = PBXFrameworksBuildPhase;
			buildActionMask = 2147483647;
			files = (
			);
			runOnlyForDeploymentPostprocessing = 0;
		};
/* End PBXFrameworksBuildPhase section */

/* Begin PBXGroup section */
		8BF0F83C1C4BBD600047862C = {
			isa = PBXGroup;
			children = (
				8BF0F8471C4BBD600047862C /* My Blogger */,
				8BF0F8461C4BBD600047862C /* Products */,
			);
			sourceTree = "<group>";
		};
		8BF0F8461C4BBD600047862C /* Products */ = {
			isa = PBXGroup;
			children = (
				8BF0F8451C4BBD600047862C /* My Blogger.app */,
			);
			name = Products;
			sourceTree = "<group>";
		};
		8BF0F8471C4BBD600047862C /* My Blogger */ = {
			isa = PBXGroup;
			children = (
				8BF0F8481C4BBD600047862C /* AppDelegate.swift */,
				8BF0F84D1C4BBD600047862C /* MasterViewController.swift */,
				8BF0F84F1C4BBD600047862C /* DetailViewController.swift */,
				8BF0F8511C4BBD600047862C /* Main.storyboard */,
				8BF0F8541C4BBD600047862C /* Assets.xcassets */,
				8BF0F8561C4BBD600047862C /* LaunchScreen.storyboard */,
				8BF0F8591C4BBD600047862C /* Info.plist */,
				8BF0F84A1C4BBD600047862C /* My_Blogger.xcdatamodeld */,
			);
			path = "My Blogger";
			sourceTree = "<group>";
		};
/* End PBXGroup section */

/* Begin PBXNativeTarget section */
		8BF0F8441C4BBD600047862C /* My Blogger */ = {
			isa = PBXNativeTarget;
			buildConfigurationList = 8BF0F85C1C4BBD600047862C /* Build configuration list for PBXNativeTarget "My Blogger" */;
			buildPhases = (
				8BF0F8411C4BBD600047862C /* Sources */,
				8BF0F8421C4BBD600047862C /* Frameworks */,
				8BF0F8431C4BBD600047862C /* Resources */,
			);
			buildRules = (
			);
			dependencies = (
			);
			name = "My Blogger";
			productName = "My Blogger";
			productReference = 8BF0F8451C4BBD600047862C /* My Blogger.app */;
			productType = "com.apple.product-type.application";
		};
/* End PBXNativeTarget section */

/* Begin PBXProject section */
		8BF0F83D1C4BBD600047862C /* Project object */ = {
			isa = PBXProject;
			attributes = {
				LastSwiftUpdateCheck = 0720;
				LastUpgradeCheck = 0720;
				ORGANIZATIONNAME = "Chatterjee, Snigdhaman";
				TargetAttributes = {
					8BF0F8441C4BBD600047862C = {
						CreatedOnToolsVersion = 7.2;
						DevelopmentTeam = SVW2895E86;
					};
				};
			};
			buildConfigurationList = 8BF0F8401C4BBD600047862C /* Build configuration list for PBXProject "My Blogger" */;
			compatibilityVersion = "Xcode 3.2";
			developmentRegion = English;
			hasScannedForEncodings = 0;
			knownRegions = (
				en,
				Base,
			);
			mainGroup = 8BF0F83C1C4BBD600047862C;
			productRefGroup = 8BF0F8461C4BBD600047862C /* Products */;
			projectDirPath = "";
			projectRoot = "";
			targets = (
				8BF0F8441C4BBD600047862C /* My Blogger */,
			);
		};
/* End PBXProject section */

/* Begin PBXResourcesBuildPhase section */
		8BF0F8431C4BBD600047862C /* Resources */ = {
			isa = PBXResourcesBuildPhase;
			buildActionMask = 2147483647;
			files = (
				8BF0F8581C4BBD600047862C /* LaunchScreen.storyboard in Resources */,
				8BF0F8551C4BBD600047862C /* Assets.xcassets in Resources */,
				8BF0F8531C4BBD600047862C /* Main.storyboard in Resources */,
			);
			runOnlyForDeploymentPostprocessing = 0;
		};
/* End PBXResourcesBuildPhase section */

/* Begin PBXSourcesBuildPhase section */
		8BF0F8411C4BBD600047862C /* Sources */ = {
			isa = PBXSourcesBuildPhase;
			buildActionMask = 2147483647;
			files = (
				8BF0F84C1C4BBD600047862C /* My_Blogger.xcdatamodeld in Sources */,
				8BF0F8491C4BBD600047862C /* AppDelegate.swift in Sources */,
				8BF0F84E1C4BBD600047862C /* MasterViewController.swift in Sources */,
				8BF0F8501C4BBD600047862C /* DetailViewController.swift in Sources */,
			);
			runOnlyForDeploymentPostprocessing = 0;
		};
/* End PBXSourcesBuildPhase section */

/* Begin PBXVariantGroup section */
		8BF0F8511C4BBD600047862C /* Main.storyboard */ = {
			isa = PBXVariantGroup;
			children = (
				8BF0F8521C4BBD600047862C /* Base */,
			);
			name = Main.storyboard;
			sourceTree = "<group>";
		};
		8BF0F8561C4BBD600047862C /* LaunchScreen.storyboard */ = {
			isa = PBXVariantGroup;
			children = (
				8BF0F8571C4BBD600047862C /* Base */,
			);
			name = LaunchScreen.storyboard;
			sourceTree = "<group>";
		};
/* End PBXVariantGroup section */

/* Begin XCBuildConfiguration section */
		8BF0F85A1C4BBD600047862C /* Debug */ = {
			isa = XCBuildConfiguration;
			buildSettings = {
				ALWAYS_SEARCH_USER_PATHS = NO;
				CLANG_CXX_LANGUAGE_STANDARD = "gnu++0x";
				CLANG_CXX_LIBRARY = "libc++";
				CLANG_ENABLE_MODULES = YES;
				CLANG_ENABLE_OBJC_ARC = YES;
				CLANG_WARN_BOOL_CONVERSION = YES;
				CLANG_WARN_CONSTANT_CONVERSION = YES;
				CLANG_WARN_DIRECT_OBJC_ISA_USAGE = YES_ERROR;
				CLANG_WARN_EMPTY_BODY = YES;
				CLANG_WARN_ENUM_CONVERSION = YES;
				CLANG_WARN_INT_CONVERSION = YES;
				CLANG_WARN_OBJC_ROOT_CLASS = YES_ERROR;
				CLANG_WARN_UNREACHABLE_CODE = YES;
				CLANG_WARN__DUPLICATE_METHOD_MATCH = YES;
				"CODE_SIGN_IDENTITY[sdk=iphoneos*]" = "iPhone Developer";
				COPY_PHASE_STRIP = NO;
				DEBUG_INFORMATION_FORMAT = dwarf;
				ENABLE_STRICT_OBJC_MSGSEND = YES;
				ENABLE_TESTABILITY = YES;
				GCC_C_LANGUAGE_STANDARD = gnu99;
				GCC_DYNAMIC_NO_PIC = NO;
				GCC_NO_COMMON_BLOCKS = YES;
				GCC_OPTIMIZATION_LEVEL = 0;
				GCC_PREPROCESSOR_DEFINITIONS = (
					"DEBUG=1",
					"$(inherited)",
				);
				GCC_WARN_64_TO_32_BIT_CONVERSION = YES;
				GCC_WARN_ABOUT_RETURN_TYPE = YES_ERROR;
				GCC_WARN_UNDECLARED_SELECTOR = YES;
				GCC_WARN_UNINITIALIZED_AUTOS = YES_AGGRESSIVE;
				GCC_WARN_UNUSED_FUNCTION = YES;
				GCC_WARN_UNUSED_VARIABLE = YES;
				IPHONEOS_DEPLOYMENT_TARGET = 9.2;
				MTL_ENABLE_DEBUG_INFO = YES;
				ONLY_ACTIVE_ARCH = YES;
				SDKROOT = iphoneos;
				SWIFT_OPTIMIZATION_LEVEL = "-Onone";
			};
			name = Debug;
		};
		8BF0F85B1C4BBD600047862C /* Release */ = {
			isa = XCBuildConfiguration;
			buildSettings = {
				ALWAYS_SEARCH_USER_PATHS = NO;
				CLANG_CXX_LANGUAGE_STANDARD = "gnu++0x";
				CLANG_CXX_LIBRARY = "libc++";
				CLANG_ENABLE_MODULES = YES;
				CLANG_ENABLE_OBJC_ARC = YES;
				CLANG_WARN_BOOL_CONVERSION = YES;
				CLANG_WARN_CONSTANT_CONVERSION = YES;
				CLANG_WARN_DIRECT_OBJC_ISA_USAGE = YES_ERROR;
				CLANG_WARN_EMPTY_BODY = YES;
				CLANG_WARN_ENUM_CONVERSION = YES;
				CLANG_WARN_INT_CONVERSION = YES;
				CLANG_WARN_OBJC_ROOT_CLASS = YES_ERROR;
				CLANG_WARN_UNREACHABLE_CODE = YES;
				CLANG_WARN__DUPLICATE_METHOD_MATCH = YES;
				"CODE_SIGN_IDENTITY[sdk=iphoneos*]" = "iPhone Developer";
				COPY_PHASE_STRIP = NO;
				DEBUG_INFORMATION_FORMAT = "dwarf-with-dsym";
				ENABLE_NS_ASSERTIONS = NO;
				ENABLE_STRICT_OBJC_MSGSEND = YES;
				GCC_C_LANGUAGE_STANDARD = gnu99;
				GCC_NO_COMMON_BLOCKS = YES;
				GCC_WARN_64_TO_32_BIT_CONVERSION = YES;
				GCC_WARN_ABOUT_RETURN_TYPE = YES_ERROR;
				GCC_WARN_UNDECLARED_SELECTOR = YES;
				GCC_WARN_UNINITIALIZED_AUTOS = YES_AGGRESSIVE;
				GCC_WARN_UNUSED_FUNCTION = YES;
				GCC_WARN_UNUSED_VARIABLE = YES;
				IPHONEOS_DEPLOYMENT_TARGET = 9.2;
				MTL_ENABLE_DEBUG_INFO = NO;
				SDKROOT = iphoneos;
				VALIDATE_PRODUCT = YES;
			};
			name = Release;
		};
		8BF0F85D1C4BBD600047862C /* Debug */ = {
			isa = XCBuildConfiguration;
			buildSettings = {
				ASSETCATALOG_COMPILER_APPICON_NAME = AppIcon;
				INFOPLIST_FILE = "My Blogger/Info.plist";
				LD_RUNPATH_SEARCH_PATHS = "$(inherited) @executable_path/Frameworks";
				PRODUCT_BUNDLE_IDENTIFIER = "com.Chatterjee.Snigdhaman.My-Blogger";
				PRODUCT_NAME = "$(TARGET_NAME)";
			};
			name = Debug;
		};
		8BF0F85E1C4BBD600047862C /* Release */ = {
			isa = XCBuildConfiguration;
			buildSettings = {
				ASSETCATALOG_COMPILER_APPICON_NAME = AppIcon;
				INFOPLIST_FILE = "My Blogger/Info.plist";
				LD_RUNPATH_SEARCH_PATHS = "$(inherited) @executable_path/Frameworks";
				PRODUCT_BUNDLE_IDENTIFIER = "com.Chatterjee.Snigdhaman.My-Blogger";
				PRODUCT_NAME = "$(TARGET_NAME)";
			};
			name = Release;
		};
/* End XCBuildConfiguration section */

/* Begin XCConfigurationList section */
		8BF0F8401C4BBD600047862C /* Build configuration list for PBXProject "My Blogger" */ = {
			isa = XCConfigurationList;
			buildConfigurations = (
				8BF0F85A1C4BBD600047862C /* Debug */,
				8BF0F85B1C4BBD600047862C /* Release */,
			);
			defaultConfigurationIsVisible = 0;
			defaultConfigurationName = Release;
		};
		8BF0F85C1C4BBD600047862C /* Build configuration list for PBXNativeTarget "My Blogger" */ = {
			isa = XCConfigurationList;
			buildConfigurations = (
				8BF0F85D1C4BBD600047862C /* Debug */,
				8BF0F85E1C4BBD600047862C /* Release */,
			);
			defaultConfigurationIsVisible = 0;
		};
/* End XCConfigurationList section */

/* Begin XCVersionGroup section */
		8BF0F84A1C4BBD600047862C /* My_Blogger.xcdatamodeld */ = {
			isa = XCVersionGroup;
			children = (
				8BF0F84B1C4BBD600047862C /* My_Blogger.xcdatamodel */,
			);
			currentVersion = 8BF0F84B1C4BBD600047862C /* My_Blogger.xcdatamodel */;
			path = My_Blogger.xcdatamodeld;
			sourceTree = "<group>";
			versionGroupType = wrapper.xcdatamodel;
		};
/* End XCVersionGroup section */
	};
	rootObject = 8BF0F83D1C4BBD600047862C /* Project object */;
}
